{
  "requires": true,
  "lockfileVersion": 1,
  "dependencies": {
    "popper.js": {
      "version": "1.11.0",
      "resolved": "https://registry.npmjs.org/popper.js/-/popper.js-1.11.0.tgz",
      "integrity": "sha512-mPwHWRijjT5hcI5pJCM8W4dv6y48v94ANpP5mVX9ZRZPuxWveGmm/VpE/1t5NB7wBA7CtSVsWHlbW1VucbILyQ=="
    }
  }
}
